// !$*UTF8*$!
{
	archiveVersion = 1;
	classes = {
	};
	objectVersion = 46;
	objects = {

/* Begin PBXBuildFile section */
		0B0AB12A1B6541A4001B6F12 /* main.m in Sources */ = {isa = PBXBuildFile; fileRef = 0B0AB1291B6541A4001B6F12 /* main.m */; };
		0B0AB12D1B6541A4001B6F12 /* AppDelegate.m in Sources */ = {isa = PBXBuildFile; fileRef = 0B0AB12C1B6541A4001B6F12 /* AppDelegate.m */; };
		0B0AB1351B6541A5001B6F12 /* Images.xcassets in Resources */ = {isa = PBXBuildFile; fileRef = 0B0AB1341B6541A5001B6F12 /* Images.xcassets */; };
		0B0AB1441B6541A5001B6F12 /* TurbineTests.m in Sources */ = {isa = PBXBuildFile; fileRef = 0B0AB1431B6541A5001B6F12 /* TurbineTests.m */; };
		0B0AB15D1B6543D0001B6F12 /* TweetListViewController.m in Sources */ = {isa = PBXBuildFile; fileRef = 0B0AB15B1B6543D0001B6F12 /* TweetListViewController.m */; };
		0B0AB15E1B6543D0001B6F12 /* TweetListViewController.xib in Resources */ = {isa = PBXBuildFile; fileRef = 0B0AB15C1B6543D0001B6F12 /* TweetListViewController.xib */; };
		0B0AB1621B6548E0001B6F12 /* HandleListViewController.m in Sources */ = {isa = PBXBuildFile; fileRef = 0B0AB1601B6548E0001B6F12 /* HandleListViewController.m */; };
		0B0AB1631B6548E0001B6F12 /* HandleListViewController.xib in Resources */ = {isa = PBXBuildFile; fileRef = 0B0AB1611B6548E0001B6F12 /* HandleListViewController.xib */; };
		0B3042A51BB7BB71003BF513 /* Nightmare_Hero_Normal.ttf in Resources */ = {isa = PBXBuildFile; fileRef = 0B3042A41BB7BB71003BF513 /* Nightmare_Hero_Normal.ttf */; };
		0B3042A71BB7DAA1003BF513 /* PT_Sans-Web-Regular.ttf in Resources */ = {isa = PBXBuildFile; fileRef = 0B3042A61BB7DAA1003BF513 /* PT_Sans-Web-Regular.ttf */; };
		0B3042A91BB7F24C003BF513 /* PT_Sans-Web-Bold.ttf in Resources */ = {isa = PBXBuildFile; fileRef = 0B3042A81BB7F24C003BF513 /* PT_Sans-Web-Bold.ttf */; };
		0B3042AD1BB7F3EF003BF513 /* SettingsViewController.m in Sources */ = {isa = PBXBuildFile; fileRef = 0B3042AB1BB7F3EF003BF513 /* SettingsViewController.m */; };
		0B3042AE1BB7F3EF003BF513 /* SettingsViewController.xib in Resources */ = {isa = PBXBuildFile; fileRef = 0B3042AC1BB7F3EF003BF513 /* SettingsViewController.xib */; };
		0B462A3B1BA8C2D700B65D51 /* TweetManager.m in Sources */ = {isa = PBXBuildFile; fileRef = 0B462A3A1BA8C2D700B65D51 /* TweetManager.m */; };
		0B462A411BA8CA4600B65D51 /* Tweet.m in Sources */ = {isa = PBXBuildFile; fileRef = 0B462A401BA8CA4600B65D51 /* Tweet.m */; };
		0BAB3AC41B8BB1EA0050EADE /* libsqlite3.dylib in Frameworks */ = {isa = PBXBuildFile; fileRef = 0BAB3AC31B8BB1EA0050EADE /* libsqlite3.dylib */; };
		0BAB3AC71B8BB5850050EADE /* DBManager.m in Sources */ = {isa = PBXBuildFile; fileRef = 0BAB3AC61B8BB5850050EADE /* DBManager.m */; };
		25554DC192B5C8474A1080B8 /* libPods-Turbine.a in Frameworks */ = {isa = PBXBuildFile; fileRef = 48EEACBB8E6B1325BE0C4D5E /* libPods-Turbine.a */; };
/* End PBXBuildFile section */

/* Begin PBXContainerItemProxy section */
		0B0AB13E1B6541A5001B6F12 /* PBXContainerItemProxy */ = {
			isa = PBXContainerItemProxy;
			containerPortal = 0B0AB11C1B6541A4001B6F12 /* Project object */;
			proxyType = 1;
			remoteGlobalIDString = 0B0AB1231B6541A4001B6F12;
			remoteInfo = Turbine;
		};
/* End PBXContainerItemProxy section */

/* Begin PBXFileReference section */
		0B0AB1241B6541A4001B6F12 /* Turbine.app */ = {isa = PBXFileReference; explicitFileType = wrapper.application; includeInIndex = 0; path = Turbine.app; sourceTree = BUILT_PRODUCTS_DIR; };
		0B0AB1281B6541A4001B6F12 /* Info.plist */ = {isa = PBXFileReference; lastKnownFileType = text.plist.xml; path = Info.plist; sourceTree = "<group>"; };
		0B0AB1291B6541A4001B6F12 /* main.m */ = {isa = PBXFileReference; lastKnownFileType = sourcecode.c.objc; path = main.m; sourceTree = "<group>"; };
		0B0AB12B1B6541A4001B6F12 /* AppDelegate.h */ = {isa = PBXFileReference; lastKnownFileType = sourcecode.c.h; path = AppDelegate.h; sourceTree = "<group>"; };
		0B0AB12C1B6541A4001B6F12 /* AppDelegate.m */ = {isa = PBXFileReference; lastKnownFileType = sourcecode.c.objc; path = AppDelegate.m; sourceTree = "<group>"; };
		0B0AB1341B6541A5001B6F12 /* Images.xcassets */ = {isa = PBXFileReference; lastKnownFileType = folder.assetcatalog; path = Images.xcassets; sourceTree = "<group>"; };
		0B0AB13D1B6541A5001B6F12 /* TurbineTests.xctest */ = {isa = PBXFileReference; explicitFileType = wrapper.cfbundle; includeInIndex = 0; path = TurbineTests.xctest; sourceTree = BUILT_PRODUCTS_DIR; };
		0B0AB1421B6541A5001B6F12 /* Info.plist */ = {isa = PBXFileReference; lastKnownFileType = text.plist.xml; path = Info.plist; sourceTree = "<group>"; };
		0B0AB1431B6541A5001B6F12 /* TurbineTests.m */ = {isa = PBXFileReference; lastKnownFileType = sourcecode.c.objc; path = TurbineTests.m; sourceTree = "<group>"; };
		0B0AB15A1B6543D0001B6F12 /* TweetListViewController.h */ = {isa = PBXFileReference; fileEncoding = 4; lastKnownFileType = sourcecode.c.h; name = TweetListViewController.h; path = ViewControllers/TweetListViewController.h; sourceTree = "<group>"; };
		0B0AB15B1B6543D0001B6F12 /* TweetListViewController.m */ = {isa = PBXFileReference; fileEncoding = 4; lastKnownFileType = sourcecode.c.objc; name = TweetListViewController.m; path = ViewControllers/TweetListViewController.m; sourceTree = "<group>"; };
		0B0AB15C1B6543D0001B6F12 /* TweetListViewController.xib */ = {isa = PBXFileReference; fileEncoding = 4; lastKnownFileType = file.xib; name = TweetListViewController.xib; path = ViewControllers/TweetListViewController.xib; sourceTree = "<group>"; };
		0B0AB15F1B6548E0001B6F12 /* HandleListViewController.h */ = {isa = PBXFileReference; fileEncoding = 4; lastKnownFileType = sourcecode.c.h; name = HandleListViewController.h; path = ViewControllers/HandleListViewController.h; sourceTree = "<group>"; };
		0B0AB1601B6548E0001B6F12 /* HandleListViewController.m */ = {isa = PBXFileReference; fileEncoding = 4; lastKnownFileType = sourcecode.c.objc; name = HandleListViewController.m; path = ViewControllers/HandleListViewController.m; sourceTree = "<group>"; };
		0B0AB1611B6548E0001B6F12 /* HandleListViewController.xib */ = {isa = PBXFileReference; fileEncoding = 4; lastKnownFileType = file.xib; name = HandleListViewController.xib; path = ViewControllers/HandleListViewController.xib; sourceTree = "<group>"; };
		0B3042A41BB7BB71003BF513 /* Nightmare_Hero_Normal.ttf */ = {isa = PBXFileReference; lastKnownFileType = file; path = Nightmare_Hero_Normal.ttf; sourceTree = "<group>"; };
		0B3042A61BB7DAA1003BF513 /* PT_Sans-Web-Regular.ttf */ = {isa = PBXFileReference; lastKnownFileType = file; path = "PT_Sans-Web-Regular.ttf"; sourceTree = "<group>"; };
		0B3042A81BB7F24C003BF513 /* PT_Sans-Web-Bold.ttf */ = {isa = PBXFileReference; lastKnownFileType = file; path = "PT_Sans-Web-Bold.ttf"; sourceTree = "<group>"; };
		0B3042AA1BB7F3EF003BF513 /* SettingsViewController.h */ = {isa = PBXFileReference; fileEncoding = 4; lastKnownFileType = sourcecode.c.h; name = SettingsViewController.h; path = ViewControllers/SettingsViewController.h; sourceTree = "<group>"; };
		0B3042AB1BB7F3EF003BF513 /* SettingsViewController.m */ = {isa = PBXFileReference; fileEncoding = 4; lastKnownFileType = sourcecode.c.objc; name = SettingsViewController.m; path = ViewControllers/SettingsViewController.m; sourceTree = "<group>"; };
		0B3042AC1BB7F3EF003BF513 /* SettingsViewController.xib */ = {isa = PBXFileReference; fileEncoding = 4; lastKnownFileType = file.xib; name = SettingsViewController.xib; path = ViewControllers/SettingsViewController.xib; sourceTree = "<group>"; };
		0B462A381BA8C01600B65D51 /* Secrets.h */ = {isa = PBXFileReference; fileEncoding = 4; lastKnownFileType = sourcecode.c.h; path = Secrets.h; sourceTree = "<group>"; };
		0B462A391BA8C2D700B65D51 /* TweetManager.h */ = {isa = PBXFileReference; fileEncoding = 4; lastKnownFileType = sourcecode.c.h; name = TweetManager.h; path = Managers/TweetManager.h; sourceTree = "<group>"; };
		0B462A3A1BA8C2D700B65D51 /* TweetManager.m */ = {isa = PBXFileReference; fileEncoding = 4; lastKnownFileType = sourcecode.c.objc; name = TweetManager.m; path = Managers/TweetManager.m; sourceTree = "<group>"; };
		0B462A3F1BA8CA4600B65D51 /* Tweet.h */ = {isa = PBXFileReference; fileEncoding = 4; lastKnownFileType = sourcecode.c.h; name = Tweet.h; path = Models/Tweet.h; sourceTree = "<group>"; };
		0B462A401BA8CA4600B65D51 /* Tweet.m */ = {isa = PBXFileReference; fileEncoding = 4; lastKnownFileType = sourcecode.c.objc; name = Tweet.m; path = Models/Tweet.m; sourceTree = "<group>"; };
		0BAB3AC31B8BB1EA0050EADE /* libsqlite3.dylib */ = {isa = PBXFileReference; lastKnownFileType = "compiled.mach-o.dylib"; name = libsqlite3.dylib; path = usr/lib/libsqlite3.dylib; sourceTree = SDKROOT; };
		0BAB3AC51B8BB5850050EADE /* DBManager.h */ = {isa = PBXFileReference; fileEncoding = 4; lastKnownFileType = sourcecode.c.h; name = DBManager.h; path = Managers/DBManager.h; sourceTree = "<group>"; };
		0BAB3AC61B8BB5850050EADE /* DBManager.m */ = {isa = PBXFileReference; fileEncoding = 4; lastKnownFileType = sourcecode.c.objc; name = DBManager.m; path = Managers/DBManager.m; sourceTree = "<group>"; };
		48EEACBB8E6B1325BE0C4D5E /* libPods-Turbine.a */ = {isa = PBXFileReference; explicitFileType = archive.ar; includeInIndex = 0; path = "libPods-Turbine.a"; sourceTree = BUILT_PRODUCTS_DIR; };
		4CF25F5762004DADAD12CBD8 /* Pods-Turbine.debug.xcconfig */ = {isa = PBXFileReference; includeInIndex = 1; lastKnownFileType = text.xcconfig; name = "Pods-Turbine.debug.xcconfig"; path = "Pods/Target Support Files/Pods-Turbine/Pods-Turbine.debug.xcconfig"; sourceTree = "<group>"; };
		B065A41C5936DC5317B95493 /* Pods-Turbine.release.xcconfig */ = {isa = PBXFileReference; includeInIndex = 1; lastKnownFileType = text.xcconfig; name = "Pods-Turbine.release.xcconfig"; path = "Pods/Target Support Files/Pods-Turbine/Pods-Turbine.release.xcconfig"; sourceTree = "<group>"; };
/* End PBXFileReference section */

/* Begin PBXFrameworksBuildPhase section */
		0B0AB1211B6541A4001B6F12 /* Frameworks */ = {
			isa = PBXFrameworksBuildPhase;
			buildActionMask = 2147483647;
			files = (
				0BAB3AC41B8BB1EA0050EADE /* libsqlite3.dylib in Frameworks */,
				25554DC192B5C8474A1080B8 /* libPods-Turbine.a in Frameworks */,
			);
			runOnlyForDeploymentPostprocessing = 0;
		};
		0B0AB13A1B6541A5001B6F12 /* Frameworks */ = {
			isa = PBXFrameworksBuildPhase;
			buildActionMask = 2147483647;
			files = (
			);
			runOnlyForDeploymentPostprocessing = 0;
		};
/* End PBXFrameworksBuildPhase section */

/* Begin PBXGroup section */
		0B0AB11B1B6541A4001B6F12 = {
			isa = PBXGroup;
			children = (
				0BAB3AC31B8BB1EA0050EADE /* libsqlite3.dylib */,
				0B0AB1261B6541A4001B6F12 /* Turbine */,
				0B0AB1401B6541A5001B6F12 /* TurbineTests */,
				0B0AB1251B6541A4001B6F12 /* Products */,
				67775129A3061B0340D44D82 /* Pods */,
				3400B7DCF52C77212A8761FF /* Frameworks */,
			);
			sourceTree = "<group>";
		};
		0B0AB1251B6541A4001B6F12 /* Products */ = {
			isa = PBXGroup;
			children = (
				0B0AB1241B6541A4001B6F12 /* Turbine.app */,
				0B0AB13D1B6541A5001B6F12 /* TurbineTests.xctest */,
			);
			name = Products;
			sourceTree = "<group>";
		};
		0B0AB1261B6541A4001B6F12 /* Turbine */ = {
			isa = PBXGroup;
			children = (
				0B0AB1591B6543BC001B6F12 /* ViewControllers */,
				0B0AB12B1B6541A4001B6F12 /* AppDelegate.h */,
				0B0AB12C1B6541A4001B6F12 /* AppDelegate.m */,
				0B0AB1341B6541A5001B6F12 /* Images.xcassets */,
				0B0AB1271B6541A4001B6F12 /* Supporting Files */,
				0BAB3AC51B8BB5850050EADE /* DBManager.h */,
				0BAB3AC61B8BB5850050EADE /* DBManager.m */,
				0B462A381BA8C01600B65D51 /* Secrets.h */,
				0B462A391BA8C2D700B65D51 /* TweetManager.h */,
				0B462A3A1BA8C2D700B65D51 /* TweetManager.m */,
				0B462A3F1BA8CA4600B65D51 /* Tweet.h */,
				0B462A401BA8CA4600B65D51 /* Tweet.m */,
			);
			path = Turbine;
			sourceTree = "<group>";
		};
		0B0AB1271B6541A4001B6F12 /* Supporting Files */ = {
			isa = PBXGroup;
			children = (
				0B3042A31BB7BB67003BF513 /* Fonts */,
				0B0AB1281B6541A4001B6F12 /* Info.plist */,
				0B0AB1291B6541A4001B6F12 /* main.m */,
			);
			name = "Supporting Files";
			sourceTree = "<group>";
		};
		0B0AB1401B6541A5001B6F12 /* TurbineTests */ = {
			isa = PBXGroup;
			children = (
				0B0AB1431B6541A5001B6F12 /* TurbineTests.m */,
				0B0AB1411B6541A5001B6F12 /* Supporting Files */,
			);
			path = TurbineTests;
			sourceTree = "<group>";
		};
		0B0AB1411B6541A5001B6F12 /* Supporting Files */ = {
			isa = PBXGroup;
			children = (
				0B0AB1421B6541A5001B6F12 /* Info.plist */,
			);
			name = "Supporting Files";
			sourceTree = "<group>";
		};
		0B0AB1591B6543BC001B6F12 /* ViewControllers */ = {
			isa = PBXGroup;
			children = (
				0B0AB15A1B6543D0001B6F12 /* TweetListViewController.h */,
				0B0AB15B1B6543D0001B6F12 /* TweetListViewController.m */,
				0B0AB15C1B6543D0001B6F12 /* TweetListViewController.xib */,
				0B0AB15F1B6548E0001B6F12 /* HandleListViewController.h */,
				0B0AB1601B6548E0001B6F12 /* HandleListViewController.m */,
				0B0AB1611B6548E0001B6F12 /* HandleListViewController.xib */,
				0B3042AA1BB7F3EF003BF513 /* SettingsViewController.h */,
				0B3042AB1BB7F3EF003BF513 /* SettingsViewController.m */,
				0B3042AC1BB7F3EF003BF513 /* SettingsViewController.xib */,
			);
			name = ViewControllers;
			sourceTree = "<group>";
		};
		0B3042A31BB7BB67003BF513 /* Fonts */ = {
			isa = PBXGroup;
			children = (
				0B3042A81BB7F24C003BF513 /* PT_Sans-Web-Bold.ttf */,
				0B3042A41BB7BB71003BF513 /* Nightmare_Hero_Normal.ttf */,
				0B3042A61BB7DAA1003BF513 /* PT_Sans-Web-Regular.ttf */,
			);
			name = Fonts;
			sourceTree = "<group>";
		};
		3400B7DCF52C77212A8761FF /* Frameworks */ = {
			isa = PBXGroup;
			children = (
				48EEACBB8E6B1325BE0C4D5E /* libPods-Turbine.a */,
			);
			name = Frameworks;
			sourceTree = "<group>";
		};
		67775129A3061B0340D44D82 /* Pods */ = {
			isa = PBXGroup;
			children = (
				4CF25F5762004DADAD12CBD8 /* Pods-Turbine.debug.xcconfig */,
				B065A41C5936DC5317B95493 /* Pods-Turbine.release.xcconfig */,
			);
			name = Pods;
			sourceTree = "<group>";
		};
/* End PBXGroup section */

/* Begin PBXNativeTarget section */
		0B0AB1231B6541A4001B6F12 /* Turbine */ = {
			isa = PBXNativeTarget;
			buildConfigurationList = 0B0AB1471B6541A5001B6F12 /* Build configuration list for PBXNativeTarget "Turbine" */;
			buildPhases = (
				360E273B65DCA0F1738D709B /* Check Pods Manifest.lock */,
				0B0AB1201B6541A4001B6F12 /* Sources */,
				0B0AB1211B6541A4001B6F12 /* Frameworks */,
				0B0AB1221B6541A4001B6F12 /* Resources */,
				022FCB7A87063B0AD4106F84 /* Copy Pods Resources */,
			);
			buildRules = (
			);
			dependencies = (
			);
			name = Turbine;
			productName = Turbine;
			productReference = 0B0AB1241B6541A4001B6F12 /* Turbine.app */;
			productType = "com.apple.product-type.application";
		};
		0B0AB13C1B6541A5001B6F12 /* TurbineTests */ = {
			isa = PBXNativeTarget;
			buildConfigurationList = 0B0AB14A1B6541A5001B6F12 /* Build configuration list for PBXNativeTarget "TurbineTests" */;
			buildPhases = (
				0B0AB1391B6541A5001B6F12 /* Sources */,
				0B0AB13A1B6541A5001B6F12 /* Frameworks */,
				0B0AB13B1B6541A5001B6F12 /* Resources */,
			);
			buildRules = (
			);
			dependencies = (
				0B0AB13F1B6541A5001B6F12 /* PBXTargetDependency */,
			);
			name = TurbineTests;
			productName = TurbineTests;
			productReference = 0B0AB13D1B6541A5001B6F12 /* TurbineTests.xctest */;
			productType = "com.apple.product-type.bundle.unit-test";
		};
/* End PBXNativeTarget section */

/* Begin PBXProject section */
		0B0AB11C1B6541A4001B6F12 /* Project object */ = {
			isa = PBXProject;
			attributes = {
				LastUpgradeCheck = 0630;
				ORGANIZATIONNAME = tommista;
				TargetAttributes = {
					0B0AB1231B6541A4001B6F12 = {
						CreatedOnToolsVersion = 6.3.2;
					};
					0B0AB13C1B6541A5001B6F12 = {
						CreatedOnToolsVersion = 6.3.2;
						TestTargetID = 0B0AB1231B6541A4001B6F12;
					};
				};
			};
			buildConfigurationList = 0B0AB11F1B6541A4001B6F12 /* Build configuration list for PBXProject "Turbine" */;
			compatibilityVersion = "Xcode 3.2";
			developmentRegion = English;
			hasScannedForEncodings = 0;
			knownRegions = (
				en,
				Base,
			);
			mainGroup = 0B0AB11B1B6541A4001B6F12;
			productRefGroup = 0B0AB1251B6541A4001B6F12 /* Products */;
			projectDirPath = "";
			projectRoot = "";
			targets = (
				0B0AB1231B6541A4001B6F12 /* Turbine */,
				0B0AB13C1B6541A5001B6F12 /* TurbineTests */,
			);
		};
/* End PBXProject section */

/* Begin PBXResourcesBuildPhase section */
		0B0AB1221B6541A4001B6F12 /* Resources */ = {
			isa = PBXResourcesBuildPhase;
			buildActionMask = 2147483647;
			files = (
				0B0AB15E1B6543D0001B6F12 /* TweetListViewController.xib in Resources */,
				0B3042A91BB7F24C003BF513 /* PT_Sans-Web-Bold.ttf in Resources */,
				0B3042A51BB7BB71003BF513 /* Nightmare_Hero_Normal.ttf in Resources */,
				0B3042A71BB7DAA1003BF513 /* PT_Sans-Web-Regular.ttf in Resources */,
				0B0AB1351B6541A5001B6F12 /* Images.xcassets in Resources */,
				0B3042AE1BB7F3EF003BF513 /* SettingsViewController.xib in Resources */,
				0B0AB1631B6548E0001B6F12 /* HandleListViewController.xib in Resources */,
			);
			runOnlyForDeploymentPostprocessing = 0;
		};
		0B0AB13B1B6541A5001B6F12 /* Resources */ = {
			isa = PBXResourcesBuildPhase;
			buildActionMask = 2147483647;
			files = (
			);
			runOnlyForDeploymentPostprocessing = 0;
		};
/* End PBXResourcesBuildPhase section */

/* Begin PBXShellScriptBuildPhase section */
		022FCB7A87063B0AD4106F84 /* Copy Pods Resources */ = {
			isa = PBXShellScriptBuildPhase;
			buildActionMask = 2147483647;
			files = (
			);
			inputPaths = (
			);
			name = "Copy Pods Resources";
			outputPaths = (
			);
			runOnlyForDeploymentPostprocessing = 0;
			shellPath = /bin/sh;
			shellScript = "\"${SRCROOT}/Pods/Target Support Files/Pods-Turbine/Pods-Turbine-resources.sh\"\n";
			showEnvVarsInLog = 0;
		};
		360E273B65DCA0F1738D709B /* Check Pods Manifest.lock */ = {
			isa = PBXShellScriptBuildPhase;
			buildActionMask = 2147483647;
			files = (
			);
			inputPaths = (
			);
			name = "Check Pods Manifest.lock";
			outputPaths = (
			);
			runOnlyForDeploymentPostprocessing = 0;
			shellPath = /bin/sh;
			shellScript = "diff \"${PODS_ROOT}/../Podfile.lock\" \"${PODS_ROOT}/Manifest.lock\" > /dev/null\nif [[ $? != 0 ]] ; then\n    cat << EOM\nerror: The sandbox is not in sync with the Podfile.lock. Run 'pod install' or update your CocoaPods installation.\nEOM\n    exit 1\nfi\n";
			showEnvVarsInLog = 0;
		};
/* End PBXShellScriptBuildPhase section */

/* Begin PBXSourcesBuildPhase section */
		0B0AB1201B6541A4001B6F12 /* Sources */ = {
			isa = PBXSourcesBuildPhase;
			buildActionMask = 2147483647;
			files = (
				0B0AB1621B6548E0001B6F12 /* HandleListViewController.m in Sources */,
				0B0AB15D1B6543D0001B6F12 /* TweetListViewController.m in Sources */,
				0B0AB12D1B6541A4001B6F12 /* AppDelegate.m in Sources */,
				0B3042AD1BB7F3EF003BF513 /* SettingsViewController.m in Sources */,
				0B462A411BA8CA4600B65D51 /* Tweet.m in Sources */,
				0B0AB12A1B6541A4001B6F12 /* main.m in Sources */,
				0B462A3B1BA8C2D700B65D51 /* TweetManager.m in Sources */,
				0BAB3AC71B8BB5850050EADE /* DBManager.m in Sources */,
			);
			runOnlyForDeploymentPostprocessing = 0;
		};
		0B0AB1391B6541A5001B6F12 /* Sources */ = {
			isa = PBXSourcesBuildPhase;
			buildActionMask = 2147483647;
			files = (
				0B0AB1441B6541A5001B6F12 /* TurbineTests.m in Sources */,
			);
			runOnlyForDeploymentPostprocessing = 0;
		};
/* End PBXSourcesBuildPhase section */

/* Begin PBXTargetDependency section */
		0B0AB13F1B6541A5001B6F12 /* PBXTargetDependency */ = {
			isa = PBXTargetDependency;
			target = 0B0AB1231B6541A4001B6F12 /* Turbine */;
			targetProxy = 0B0AB13E1B6541A5001B6F12 /* PBXContainerItemProxy */;
		};
/* End PBXTargetDependency section */

/* Begin XCBuildConfiguration section */
		0B0AB1451B6541A5001B6F12 /* Debug */ = {
			isa = XCBuildConfiguration;
			buildSettings = {
				ALWAYS_SEARCH_USER_PATHS = NO;
				CLANG_CXX_LANGUAGE_STANDARD = "gnu++0x";
				CLANG_CXX_LIBRARY = "libc++";
				CLANG_ENABLE_MODULES = YES;
				CLANG_ENABLE_OBJC_ARC = YES;
				CLANG_WARN_BOOL_CONVERSION = YES;
				CLANG_WARN_CONSTANT_CONVERSION = YES;
				CLANG_WARN_DIRECT_OBJC_ISA_USAGE = YES_ERROR;
				CLANG_WARN_EMPTY_BODY = YES;
				CLANG_WARN_ENUM_CONVERSION = YES;
				CLANG_WARN_INT_CONVERSION = YES;
				CLANG_WARN_OBJC_ROOT_CLASS = YES_ERROR;
				CLANG_WARN_UNREACHABLE_CODE = YES;
				CLANG_WARN__DUPLICATE_METHOD_MATCH = YES;
				"CODE_SIGN_IDENTITY[sdk=iphoneos*]" = "iPhone Developer";
				COPY_PHASE_STRIP = NO;
				DEBUG_INFORMATION_FORMAT = "dwarf-with-dsym";
				ENABLE_STRICT_OBJC_MSGSEND = YES;
				GCC_C_LANGUAGE_STANDARD = gnu99;
				GCC_DYNAMIC_NO_PIC = NO;
				GCC_NO_COMMON_BLOCKS = YES;
				GCC_OPTIMIZATION_LEVEL = 0;
				GCC_PREPROCESSOR_DEFINITIONS = (
					"DEBUG=1",
					"$(inherited)",
				);
				GCC_SYMBOLS_PRIVATE_EXTERN = NO;
				GCC_WARN_64_TO_32_BIT_CONVERSION = YES;
				GCC_WARN_ABOUT_RETURN_TYPE = YES_ERROR;
				GCC_WARN_UNDECLARED_SELECTOR = YES;
				GCC_WARN_UNINITIALIZED_AUTOS = YES_AGGRESSIVE;
				GCC_WARN_UNUSED_FUNCTION = YES;
				GCC_WARN_UNUSED_VARIABLE = YES;
				IPHONEOS_DEPLOYMENT_TARGET = 8.3;
				MTL_ENABLE_DEBUG_INFO = YES;
				ONLY_ACTIVE_ARCH = YES;
				SDKROOT = iphoneos;
				TARGETED_DEVICE_FAMILY = "1,2";
			};
			name = Debug;
		};
		0B0AB1461B6541A5001B6F12 /* Release */ = {
			isa = XCBuildConfiguration;
			buildSettings = {
				ALWAYS_SEARCH_USER_PATHS = NO;
				CLANG_CXX_LANGUAGE_STANDARD = "gnu++0x";
				CLANG_CXX_LIBRARY = "libc++";
				CLANG_ENABLE_MODULES = YES;
				CLANG_ENABLE_OBJC_ARC = YES;
				CLANG_WARN_BOOL_CONVERSION = YES;
				CLANG_WARN_CONSTANT_CONVERSION = YES;
				CLANG_WARN_DIRECT_OBJC_ISA_USAGE = YES_ERROR;
				CLANG_WARN_EMPTY_BODY = YES;
				CLANG_WARN_ENUM_CONVERSION = YES;
				CLANG_WARN_INT_CONVERSION = YES;
				CLANG_WARN_OBJC_ROOT_CLASS = YES_ERROR;
				CLANG_WARN_UNREACHABLE_CODE = YES;
				CLANG_WARN__DUPLICATE_METHOD_MATCH = YES;
				"CODE_SIGN_IDENTITY[sdk=iphoneos*]" = "iPhone Developer";
				COPY_PHASE_STRIP = NO;
				DEBUG_INFORMATION_FORMAT = "dwarf-with-dsym";
				ENABLE_NS_ASSERTIONS = NO;
				ENABLE_STRICT_OBJC_MSGSEND = YES;
				GCC_C_LANGUAGE_STANDARD = gnu99;
				GCC_NO_COMMON_BLOCKS = YES;
				GCC_WARN_64_TO_32_BIT_CONVERSION = YES;
				GCC_WARN_ABOUT_RETURN_TYPE = YES_ERROR;
				GCC_WARN_UNDECLARED_SELECTOR = YES;
				GCC_WARN_UNINITIALIZED_AUTOS = YES_AGGRESSIVE;
				GCC_WARN_UNUSED_FUNCTION = YES;
				GCC_WARN_UNUSED_VARIABLE = YES;
				IPHONEOS_DEPLOYMENT_TARGET = 8.3;
				MTL_ENABLE_DEBUG_INFO = NO;
				SDKROOT = iphoneos;
				TARGETED_DEVICE_FAMILY = "1,2";
				VALIDATE_PRODUCT = YES;
			};
			name = Release;
		};
		0B0AB1481B6541A5001B6F12 /* Debug */ = {
			isa = XCBuildConfiguration;
			baseConfigurationReference = 4CF25F5762004DADAD12CBD8 /* Pods-Turbine.debug.xcconfig */;
			buildSettings = {
				ASSETCATALOG_COMPILER_APPICON_NAME = AppIcon;
				INFOPLIST_FILE = Turbine/Info.plist;
				LD_RUNPATH_SEARCH_PATHS = "$(inherited) @executable_path/Frameworks";
				PRODUCT_NAME = "$(TARGET_NAME)";
			};
			name = Debug;
		};
		0B0AB1491B6541A5001B6F12 /* Release */ = {
			isa = XCBuildConfiguration;
			baseConfigurationReference = B065A41C5936DC5317B95493 /* Pods-Turbine.release.xcconfig */;
			buildSettings = {
				ASSETCATALOG_COMPILER_APPICON_NAME = AppIcon;
				INFOPLIST_FILE = Turbine/Info.plist;
				LD_RUNPATH_SEARCH_PATHS = "$(inherited) @executable_path/Frameworks";
				PRODUCT_NAME = "$(TARGET_NAME)";
			};
			name = Release;
		};
		0B0AB14B1B6541A5001B6F12 /* Debug */ = {
			isa = XCBuildConfiguration;
			buildSettings = {
				BUNDLE_LOADER = "$(TEST_HOST)";
				FRAMEWORK_SEARCH_PATHS = (
					"$(SDKROOT)/Developer/Library/Frameworks",
					"$(inherited)",
				);
				GCC_PREPROCESSOR_DEFINITIONS = (
					"DEBUG=1",
					"$(inherited)",
				);
				INFOPLIST_FILE = TurbineTests/Info.plist;
				LD_RUNPATH_SEARCH_PATHS = "$(inherited) @executable_path/Frameworks @loader_path/Frameworks";
				PRODUCT_NAME = "$(TARGET_NAME)";
				TEST_HOST = "$(BUILT_PRODUCTS_DIR)/Turbine.app/Turbine";
			};
			name = Debug;
		};
		0B0AB14C1B6541A5001B6F12 /* Release */ = {
			isa = XCBuildConfiguration;
			buildSettings = {
				BUNDLE_LOADER = "$(TEST_HOST)";
				FRAMEWORK_SEARCH_PATHS = (
					"$(SDKROOT)/Developer/Library/Frameworks",
					"$(inherited)",
				);
				INFOPLIST_FILE = TurbineTests/Info.plist;
				LD_RUNPATH_SEARCH_PATHS = "$(inherited) @executable_path/Frameworks @loader_path/Frameworks";
				PRODUCT_NAME = "$(TARGET_NAME)";
				TEST_HOST = "$(BUILT_PRODUCTS_DIR)/Turbine.app/Turbine";
			};
			name = Release;
		};
/* End XCBuildConfiguration section */

/* Begin XCConfigurationList section */
		0B0AB11F1B6541A4001B6F12 /* Build configuration list for PBXProject "Turbine" */ = {
			isa = XCConfigurationList;
			buildConfigurations = (
				0B0AB1451B6541A5001B6F12 /* Debug */,
				0B0AB1461B6541A5001B6F12 /* Release */,
			);
			defaultConfigurationIsVisible = 0;
			defaultConfigurationName = Release;
		};
		0B0AB1471B6541A5001B6F12 /* Build configuration list for PBXNativeTarget "Turbine" */ = {
			isa = XCConfigurationList;
			buildConfigurations = (
				0B0AB1481B6541A5001B6F12 /* Debug */,
				0B0AB1491B6541A5001B6F12 /* Release */,
			);
			defaultConfigurationIsVisible = 0;
			defaultConfigurationName = Release;
		};
		0B0AB14A1B6541A5001B6F12 /* Build configuration list for PBXNativeTarget "TurbineTests" */ = {
			isa = XCConfigurationList;
			buildConfigurations = (
				0B0AB14B1B6541A5001B6F12 /* Debug */,
				0B0AB14C1B6541A5001B6F12 /* Release */,
			);
			defaultConfigurationIsVisible = 0;
			defaultConfigurationName = Release;
		};
/* End XCConfigurationList section */
	};
	rootObject = 0B0AB11C1B6541A4001B6F12 /* Project object */;
}
